PODS:
  - Alamofire (3.4.0)
  - Decodable (0.4.2)
  - FBSnapshotTestCase (2.1.1):
    - FBSnapshotTestCase/SwiftSupport (= 2.1.1)
  - FBSnapshotTestCase/Core (2.1.1)
  - FBSnapshotTestCase/SwiftSupport (2.1.1):
    - FBSnapshotTestCase/Core
  - GCBCore (1.0.2):
    - Alamofire (~> 3.0)
    - Decodable (~> 0.4)
  - GCBUtilities (0.0.1):
    - Alamofire (~> 3.0)
    - Decodable (~> 0.4)
    - GCBCore
    - Operations (~> 2.9)
  - MD5 (0.1.1)
  - Moya/Core (6.5.0):
    - Alamofire (~> 3.0)
    - Result (~> 2.0)
  - Moya/RxSwift (6.5.0):
    - Moya/Core
    - RxSwift (~> 2.0)
  - Nimble (4.0.1)
  - OHHTTPStubs (5.1.0):
    - OHHTTPStubs/Default (= 5.1.0)
  - OHHTTPStubs/Core (5.1.0)
  - OHHTTPStubs/Default (5.1.0):
    - OHHTTPStubs/Core
    - OHHTTPStubs/JSON
    - OHHTTPStubs/NSURLSession
    - OHHTTPStubs/OHPathHelpers
  - OHHTTPStubs/JSON (5.1.0):
    - OHHTTPStubs/Core
  - OHHTTPStubs/NSURLSession (5.1.0):
    - OHHTTPStubs/Core
  - OHHTTPStubs/OHPathHelpers (5.1.0)
  - OHHTTPStubs/Swift (5.1.0):
    - OHHTTPStubs/Core
  - Operations (2.10.1):
    - Operations/Standard (= 2.10.1)
  - Operations/Standard (2.10.1)
  - Result (2.0.0)
  - RxSwift (2.5.0)
  - SlackKit (1.0.2):
    - Starscream (~> 1.1.2)
  - Starscream (1.1.3)

DEPENDENCIES:
  - Alamofire (~> 3.0)
  - Decodable (~> 0.4)
  - FBSnapshotTestCase (from `https://github.com/facebook/ios-snapshot-test-case`)
  - GCBCore (~> 1.0)
  - GCBUtilities (from `./`)
  - MD5 (~> 0.1)
  - Moya/RxSwift (~> 6.4)
  - Nimble (~> 4.0)
  - OHHTTPStubs (~> 5.0)
  - OHHTTPStubs/Swift (~> 5.0)
  - Operations (~> 2.9)
  - SlackKit (from `https://github.com/michallaskowski/SlackKit`, branch `add-tv-os-to-podspec`)

EXTERNAL SOURCES:
  FBSnapshotTestCase:
    :git: https://github.com/facebook/ios-snapshot-test-case
  GCBUtilities:
    :path: ./
  SlackKit:
    :branch: add-tv-os-to-podspec
    :git: https://github.com/michallaskowski/SlackKit

CHECKOUT OPTIONS:
  FBSnapshotTestCase:
    :commit: 78c3dc8fa82696526a6d1328123d856b090feecb
    :git: https://github.com/facebook/ios-snapshot-test-case
  SlackKit:
    :commit: bd3d0793330575f01f12ca0efe352b9fd0424dc4
    :git: https://github.com/michallaskowski/SlackKit

SPEC CHECKSUMS:
  Alamofire: c19a627cefd6a95f840401c49ab1f124e07f54ee
  Decodable: b1cd96ad9f722721bc98b0310952214a47f71d6a
  FBSnapshotTestCase: 432afd8d059ccef7f207225894840a03fbcf7474
  GCBCore: ae1b62bf7576994c88579f2140c2b7d5e5bcb268
  GCBUtilities: 1e94bbae032e212846cab45a2aa7a7118baacad0
  MD5: 62e4416c91af0514c6aeeb6e6d80171f3bd48c3f
  Moya: f7a4044719381cc6299f9ad3e0ef05f426f0557b
  Nimble: 0f3c8b8b084cda391209c3c5efbb48bedeeb920a
  OHHTTPStubs: 592f74439d2d72615115cf99a954237a3fbe26e5
  Operations: b787ef012ec50752f6247b7f0efb7746fb8934ae
  Result: 9e75e1111c774c6ac594e14907b15057053a7959
  RxSwift: 402b41a50e922a0368fc14cb3bc9f4427920e8ae
  SlackKit: 10dfee029d482bf35eff8799a799acf70ee2f05a
  Starscream: d662732354b40dd19ed1ece3e3c44c80b536b83c

PODFILE CHECKSUM: 95c60ade6bcca2563c9ce3a8989b920d11185618

COCOAPODS: 1.0.1
