// !$*UTF8*$!
{
	archiveVersion = 1;
	classes = {
	};
	objectVersion = 46;
	objects = {

/* Begin PBXBuildFile section */
		1A242D211C357C2700D5BEE5 /* AppDelegate.swift in Sources */ = {isa = PBXBuildFile; fileRef = 1A242D201C357C2700D5BEE5 /* AppDelegate.swift */; };
		1A242D231C357C2700D5BEE5 /* ViewController.swift in Sources */ = {isa = PBXBuildFile; fileRef = 1A242D221C357C2700D5BEE5 /* ViewController.swift */; };
		1A242D261C357C2700D5BEE5 /* Main.storyboard in Resources */ = {isa = PBXBuildFile; fileRef = 1A242D241C357C2700D5BEE5 /* Main.storyboard */; };
		1A242D331C357C2700D5BEE5 /* GrandCentralBoardTests.swift in Sources */ = {isa = PBXBuildFile; fileRef = 1A242D321C357C2700D5BEE5 /* GrandCentralBoardTests.swift */; };
		1A242D3E1C357C2700D5BEE5 /* GrandCentralBoardUITests.swift in Sources */ = {isa = PBXBuildFile; fileRef = 1A242D3D1C357C2700D5BEE5 /* GrandCentralBoardUITests.swift */; };
		1A242D4E1C357C7700D5BEE5 /* Timed.swift in Sources */ = {isa = PBXBuildFile; fileRef = 1A242D4D1C357C7700D5BEE5 /* Timed.swift */; };
		1A242D501C357CA500D5BEE5 /* Source.swift in Sources */ = {isa = PBXBuildFile; fileRef = 1A242D4F1C357CA500D5BEE5 /* Source.swift */; };
		1A242D5B1C357E9E00D5BEE5 /* Rendering.swift in Sources */ = {isa = PBXBuildFile; fileRef = 1A242D5A1C357E9E00D5BEE5 /* Rendering.swift */; };
		1A242D601C37F66000D5BEE5 /* AutoStack.swift in Sources */ = {isa = PBXBuildFile; fileRef = 1A242D5F1C37F66000D5BEE5 /* AutoStack.swift */; };
		1A5180141C3860010035092D /* UIView.swift in Sources */ = {isa = PBXBuildFile; fileRef = 1A5180131C3860010035092D /* UIView.swift */; };
		1A87495E1C385264006E58C6 /* RemoteImageSource.swift in Sources */ = {isa = PBXBuildFile; fileRef = 1A87495D1C385264006E58C6 /* RemoteImageSource.swift */; };
		1AD5EA951C7B819D00210BB9 /* ImageWidgetView.swift in Sources */ = {isa = PBXBuildFile; fileRef = 1AD5EA931C7B819D00210BB9 /* ImageWidgetView.swift */; };
		1AD5EA961C7B819D00210BB9 /* ImageWidgetView.xib in Resources */ = {isa = PBXBuildFile; fileRef = 1AD5EA941C7B819D00210BB9 /* ImageWidgetView.xib */; };
		1AD5EA991C7B827300210BB9 /* WatchWidgetView.swift in Sources */ = {isa = PBXBuildFile; fileRef = 1AD5EA981C7B827300210BB9 /* WatchWidgetView.swift */; };
		1AD5EA9B1C7B828200210BB9 /* WatchWidgetView.xib in Resources */ = {isa = PBXBuildFile; fileRef = 1AD5EA9A1C7B828200210BB9 /* WatchWidgetView.xib */; };
		1AD5EA9D1C7B8FED00210BB9 /* Assets.xcassets in Resources */ = {isa = PBXBuildFile; fileRef = 1AD5EA9C1C7B8FED00210BB9 /* Assets.xcassets */; };
		1AD5EA9F1C7C6DE300210BB9 /* TimeSource.swift in Sources */ = {isa = PBXBuildFile; fileRef = 1AD5EA9E1C7C6DE300210BB9 /* TimeSource.swift */; };
		1AD5EAA21C7CFE4E00210BB9 /* UILabel.swift in Sources */ = {isa = PBXBuildFile; fileRef = 1AD5EAA11C7CFE4E00210BB9 /* UILabel.swift */; };
		1AD5EAA41C7D125A00210BB9 /* WatchWidget.swift in Sources */ = {isa = PBXBuildFile; fileRef = 1AD5EAA31C7D125A00210BB9 /* WatchWidget.swift */; };
		1AD5EAA81C7D291300210BB9 /* Widget.swift in Sources */ = {isa = PBXBuildFile; fileRef = 1AD5EAA71C7D291300210BB9 /* Widget.swift */; };
		1AD5EAAA1C7D2E3B00210BB9 /* WatchWidgetViewModel.swift in Sources */ = {isa = PBXBuildFile; fileRef = 1AD5EAA91C7D2E3B00210BB9 /* WatchWidgetViewModel.swift */; };
		1AD5EAAC1C7DA9BB00210BB9 /* Scheduler.swift in Sources */ = {isa = PBXBuildFile; fileRef = 1AD5EAAB1C7DA9BB00210BB9 /* Scheduler.swift */; };
		BBF03AD58EA228582E79D049 /* Pods.framework in Frameworks */ = {isa = PBXBuildFile; fileRef = 7D608D9A9B4291AEBF9C7FD7 /* Pods.framework */; };
/* End PBXBuildFile section */

/* Begin PBXContainerItemProxy section */
		1A242D2F1C357C2700D5BEE5 /* PBXContainerItemProxy */ = {
			isa = PBXContainerItemProxy;
			containerPortal = 1A242D151C357C2700D5BEE5 /* Project object */;
			proxyType = 1;
			remoteGlobalIDString = 1A242D1C1C357C2700D5BEE5;
			remoteInfo = GrandCentralBoard;
		};
		1A242D3A1C357C2700D5BEE5 /* PBXContainerItemProxy */ = {
			isa = PBXContainerItemProxy;
			containerPortal = 1A242D151C357C2700D5BEE5 /* Project object */;
			proxyType = 1;
			remoteGlobalIDString = 1A242D1C1C357C2700D5BEE5;
			remoteInfo = GrandCentralBoard;
		};
/* End PBXContainerItemProxy section */

/* Begin PBXFileReference section */
		13473B743D0BD7A5BBEF96CE /* Pods.debug.xcconfig */ = {isa = PBXFileReference; includeInIndex = 1; lastKnownFileType = text.xcconfig; name = Pods.debug.xcconfig; path = "Pods/Target Support Files/Pods/Pods.debug.xcconfig"; sourceTree = "<group>"; };
		1A242D1D1C357C2700D5BEE5 /* GrandCentralBoard.app */ = {isa = PBXFileReference; explicitFileType = wrapper.application; includeInIndex = 0; path = GrandCentralBoard.app; sourceTree = BUILT_PRODUCTS_DIR; };
		1A242D201C357C2700D5BEE5 /* AppDelegate.swift */ = {isa = PBXFileReference; lastKnownFileType = sourcecode.swift; path = AppDelegate.swift; sourceTree = "<group>"; };
		1A242D221C357C2700D5BEE5 /* ViewController.swift */ = {isa = PBXFileReference; lastKnownFileType = sourcecode.swift; path = ViewController.swift; sourceTree = "<group>"; };
		1A242D251C357C2700D5BEE5 /* Base */ = {isa = PBXFileReference; lastKnownFileType = file.storyboard; name = Base; path = Base.lproj/Main.storyboard; sourceTree = "<group>"; };
		1A242D291C357C2700D5BEE5 /* Info.plist */ = {isa = PBXFileReference; lastKnownFileType = text.plist.xml; path = Info.plist; sourceTree = "<group>"; };
		1A242D2E1C357C2700D5BEE5 /* GrandCentralBoardTests.xctest */ = {isa = PBXFileReference; explicitFileType = wrapper.cfbundle; includeInIndex = 0; path = GrandCentralBoardTests.xctest; sourceTree = BUILT_PRODUCTS_DIR; };
		1A242D321C357C2700D5BEE5 /* GrandCentralBoardTests.swift */ = {isa = PBXFileReference; lastKnownFileType = sourcecode.swift; path = GrandCentralBoardTests.swift; sourceTree = "<group>"; };
		1A242D341C357C2700D5BEE5 /* Info.plist */ = {isa = PBXFileReference; lastKnownFileType = text.plist.xml; path = Info.plist; sourceTree = "<group>"; };
		1A242D391C357C2700D5BEE5 /* GrandCentralBoardUITests.xctest */ = {isa = PBXFileReference; explicitFileType = wrapper.cfbundle; includeInIndex = 0; path = GrandCentralBoardUITests.xctest; sourceTree = BUILT_PRODUCTS_DIR; };
		1A242D3D1C357C2700D5BEE5 /* GrandCentralBoardUITests.swift */ = {isa = PBXFileReference; lastKnownFileType = sourcecode.swift; path = GrandCentralBoardUITests.swift; sourceTree = "<group>"; };
		1A242D3F1C357C2700D5BEE5 /* Info.plist */ = {isa = PBXFileReference; lastKnownFileType = text.plist.xml; path = Info.plist; sourceTree = "<group>"; };
		1A242D4D1C357C7700D5BEE5 /* Timed.swift */ = {isa = PBXFileReference; fileEncoding = 4; lastKnownFileType = sourcecode.swift; path = Timed.swift; sourceTree = "<group>"; };
		1A242D4F1C357CA500D5BEE5 /* Source.swift */ = {isa = PBXFileReference; fileEncoding = 4; lastKnownFileType = sourcecode.swift; path = Source.swift; sourceTree = "<group>"; };
		1A242D5A1C357E9E00D5BEE5 /* Rendering.swift */ = {isa = PBXFileReference; fileEncoding = 4; lastKnownFileType = sourcecode.swift; path = Rendering.swift; sourceTree = "<group>"; };
		1A242D5F1C37F66000D5BEE5 /* AutoStack.swift */ = {isa = PBXFileReference; fileEncoding = 4; lastKnownFileType = sourcecode.swift; path = AutoStack.swift; sourceTree = "<group>"; };
		1A5180131C3860010035092D /* UIView.swift */ = {isa = PBXFileReference; fileEncoding = 4; lastKnownFileType = sourcecode.swift; path = UIView.swift; sourceTree = "<group>"; };
		1A87495D1C385264006E58C6 /* RemoteImageSource.swift */ = {isa = PBXFileReference; fileEncoding = 4; lastKnownFileType = sourcecode.swift; path = RemoteImageSource.swift; sourceTree = "<group>"; };
		1AD5EA931C7B819D00210BB9 /* ImageWidgetView.swift */ = {isa = PBXFileReference; fileEncoding = 4; lastKnownFileType = sourcecode.swift; path = ImageWidgetView.swift; sourceTree = "<group>"; };
		1AD5EA941C7B819D00210BB9 /* ImageWidgetView.xib */ = {isa = PBXFileReference; fileEncoding = 4; lastKnownFileType = file.xib; path = ImageWidgetView.xib; sourceTree = "<group>"; };
		1AD5EA981C7B827300210BB9 /* WatchWidgetView.swift */ = {isa = PBXFileReference; fileEncoding = 4; lastKnownFileType = sourcecode.swift; path = WatchWidgetView.swift; sourceTree = "<group>"; };
		1AD5EA9A1C7B828200210BB9 /* WatchWidgetView.xib */ = {isa = PBXFileReference; fileEncoding = 4; lastKnownFileType = file.xib; path = WatchWidgetView.xib; sourceTree = "<group>"; };
		1AD5EA9C1C7B8FED00210BB9 /* Assets.xcassets */ = {isa = PBXFileReference; lastKnownFileType = folder.assetcatalog; path = Assets.xcassets; sourceTree = "<group>"; };
		1AD5EA9E1C7C6DE300210BB9 /* TimeSource.swift */ = {isa = PBXFileReference; fileEncoding = 4; lastKnownFileType = sourcecode.swift; path = TimeSource.swift; sourceTree = "<group>"; };
		1AD5EAA11C7CFE4E00210BB9 /* UILabel.swift */ = {isa = PBXFileReference; fileEncoding = 4; lastKnownFileType = sourcecode.swift; path = UILabel.swift; sourceTree = "<group>"; };
		1AD5EAA31C7D125A00210BB9 /* WatchWidget.swift */ = {isa = PBXFileReference; fileEncoding = 4; lastKnownFileType = sourcecode.swift; path = WatchWidget.swift; sourceTree = "<group>"; };
		1AD5EAA71C7D291300210BB9 /* Widget.swift */ = {isa = PBXFileReference; fileEncoding = 4; lastKnownFileType = sourcecode.swift; path = Widget.swift; sourceTree = "<group>"; };
		1AD5EAA91C7D2E3B00210BB9 /* WatchWidgetViewModel.swift */ = {isa = PBXFileReference; fileEncoding = 4; lastKnownFileType = sourcecode.swift; path = WatchWidgetViewModel.swift; sourceTree = "<group>"; };
		1AD5EAAB1C7DA9BB00210BB9 /* Scheduler.swift */ = {isa = PBXFileReference; fileEncoding = 4; lastKnownFileType = sourcecode.swift; path = Scheduler.swift; sourceTree = "<group>"; };
		7D608D9A9B4291AEBF9C7FD7 /* Pods.framework */ = {isa = PBXFileReference; explicitFileType = wrapper.framework; includeInIndex = 0; path = Pods.framework; sourceTree = BUILT_PRODUCTS_DIR; };
		CCBE0DF3DE1155B6EF1F75FF /* Pods.release.xcconfig */ = {isa = PBXFileReference; includeInIndex = 1; lastKnownFileType = text.xcconfig; name = Pods.release.xcconfig; path = "Pods/Target Support Files/Pods/Pods.release.xcconfig"; sourceTree = "<group>"; };
/* End PBXFileReference section */

/* Begin PBXFrameworksBuildPhase section */
		1A242D1A1C357C2700D5BEE5 /* Frameworks */ = {
			isa = PBXFrameworksBuildPhase;
			buildActionMask = 2147483647;
			files = (
				BBF03AD58EA228582E79D049 /* Pods.framework in Frameworks */,
			);
			runOnlyForDeploymentPostprocessing = 0;
		};
		1A242D2B1C357C2700D5BEE5 /* Frameworks */ = {
			isa = PBXFrameworksBuildPhase;
			buildActionMask = 2147483647;
			files = (
			);
			runOnlyForDeploymentPostprocessing = 0;
		};
		1A242D361C357C2700D5BEE5 /* Frameworks */ = {
			isa = PBXFrameworksBuildPhase;
			buildActionMask = 2147483647;
			files = (
			);
			runOnlyForDeploymentPostprocessing = 0;
		};
/* End PBXFrameworksBuildPhase section */

/* Begin PBXGroup section */
		11484130C0B0FB42F82F007F /* Pods */ = {
			isa = PBXGroup;
			children = (
				13473B743D0BD7A5BBEF96CE /* Pods.debug.xcconfig */,
				CCBE0DF3DE1155B6EF1F75FF /* Pods.release.xcconfig */,
			);
			name = Pods;
			sourceTree = "<group>";
		};
		1A242D141C357C2700D5BEE5 = {
			isa = PBXGroup;
			children = (
				37BDC21EB298FAB30BE1D730 /* Frameworks */,
				1A242D1F1C357C2700D5BEE5 /* GrandCentralBoard */,
				1A242D311C357C2700D5BEE5 /* GrandCentralBoardTests */,
				1A242D3C1C357C2700D5BEE5 /* GrandCentralBoardUITests */,
				11484130C0B0FB42F82F007F /* Pods */,
				1A242D1E1C357C2700D5BEE5 /* Products */,
			);
			sourceTree = "<group>";
		};
		1A242D1E1C357C2700D5BEE5 /* Products */ = {
			isa = PBXGroup;
			children = (
				1A242D1D1C357C2700D5BEE5 /* GrandCentralBoard.app */,
				1A242D2E1C357C2700D5BEE5 /* GrandCentralBoardTests.xctest */,
				1A242D391C357C2700D5BEE5 /* GrandCentralBoardUITests.xctest */,
			);
			name = Products;
			sourceTree = "<group>";
		};
		1A242D1F1C357C2700D5BEE5 /* GrandCentralBoard */ = {
			isa = PBXGroup;
			children = (
				1A5180121C385FF50035092D /* Extensions */,
				1A242D4B1C357C6600D5BEE5 /* Models */,
				1A242D5E1C37F63500D5BEE5 /* Views */,
				1A242D561C357DFD00D5BEE5 /* Widgets */,
				1A242D201C357C2700D5BEE5 /* AppDelegate.swift */,
				1AD5EA9C1C7B8FED00210BB9 /* Assets.xcassets */,
				1A242D291C357C2700D5BEE5 /* Info.plist */,
				1A242D241C357C2700D5BEE5 /* Main.storyboard */,
				1AD5EAAB1C7DA9BB00210BB9 /* Scheduler.swift */,
				1A242D221C357C2700D5BEE5 /* ViewController.swift */,
			);
			path = GrandCentralBoard;
			sourceTree = "<group>";
		};
		1A242D311C357C2700D5BEE5 /* GrandCentralBoardTests */ = {
			isa = PBXGroup;
			children = (
				1A242D321C357C2700D5BEE5 /* GrandCentralBoardTests.swift */,
				1A242D341C357C2700D5BEE5 /* Info.plist */,
			);
			path = GrandCentralBoardTests;
			sourceTree = "<group>";
		};
		1A242D3C1C357C2700D5BEE5 /* GrandCentralBoardUITests */ = {
			isa = PBXGroup;
			children = (
				1A242D3D1C357C2700D5BEE5 /* GrandCentralBoardUITests.swift */,
				1A242D3F1C357C2700D5BEE5 /* Info.plist */,
			);
			path = GrandCentralBoardUITests;
			sourceTree = "<group>";
		};
		1A242D4B1C357C6600D5BEE5 /* Models */ = {
			isa = PBXGroup;
			children = (
				1A242D531C357D6F00D5BEE5 /* Sources */,
				1A242D4F1C357CA500D5BEE5 /* Source.swift */,
				1A242D4D1C357C7700D5BEE5 /* Timed.swift */,
			);
			path = Models;
			sourceTree = "<group>";
		};
		1A242D531C357D6F00D5BEE5 /* Sources */ = {
			isa = PBXGroup;
			children = (
				1A87495D1C385264006E58C6 /* RemoteImageSource.swift */,
				1AD5EA9E1C7C6DE300210BB9 /* TimeSource.swift */,
			);
			path = Sources;
			sourceTree = "<group>";
		};
		1A242D561C357DFD00D5BEE5 /* Widgets */ = {
			isa = PBXGroup;
			children = (
				1AD5EA921C7B819D00210BB9 /* Image */,
				1AD5EA971C7B826A00210BB9 /* Watch */,
				1A242D5A1C357E9E00D5BEE5 /* Rendering.swift */,
				1AD5EAA71C7D291300210BB9 /* Widget.swift */,
			);
			path = Widgets;
			sourceTree = "<group>";
		};
		1A242D5E1C37F63500D5BEE5 /* Views */ = {
			isa = PBXGroup;
			children = (
				1A242D5F1C37F66000D5BEE5 /* AutoStack.swift */,
			);
			path = Views;
			sourceTree = "<group>";
		};
		1A5180121C385FF50035092D /* Extensions */ = {
			isa = PBXGroup;
			children = (
				1AD5EAA11C7CFE4E00210BB9 /* UILabel.swift */,
				1A5180131C3860010035092D /* UIView.swift */,
			);
			path = Extensions;
			sourceTree = "<group>";
		};
		1AD5EA921C7B819D00210BB9 /* Image */ = {
			isa = PBXGroup;
			children = (
				1AD5EA931C7B819D00210BB9 /* ImageWidgetView.swift */,
				1AD5EA941C7B819D00210BB9 /* ImageWidgetView.xib */,
			);
			path = Image;
			sourceTree = "<group>";
		};
		1AD5EA971C7B826A00210BB9 /* Watch */ = {
			isa = PBXGroup;
			children = (
				1AD5EAA31C7D125A00210BB9 /* WatchWidget.swift */,
				1AD5EA981C7B827300210BB9 /* WatchWidgetView.swift */,
				1AD5EA9A1C7B828200210BB9 /* WatchWidgetView.xib */,
				1AD5EAA91C7D2E3B00210BB9 /* WatchWidgetViewModel.swift */,
			);
			path = Watch;
			sourceTree = "<group>";
		};
		37BDC21EB298FAB30BE1D730 /* Frameworks */ = {
			isa = PBXGroup;
			children = (
				7D608D9A9B4291AEBF9C7FD7 /* Pods.framework */,
			);
			name = Frameworks;
			sourceTree = "<group>";
		};
/* End PBXGroup section */

/* Begin PBXNativeTarget section */
		1A242D1C1C357C2700D5BEE5 /* GrandCentralBoard */ = {
			isa = PBXNativeTarget;
			buildConfigurationList = 1A242D421C357C2700D5BEE5 /* Build configuration list for PBXNativeTarget "GrandCentralBoard" */;
			buildPhases = (
				59E306AAC48E78193F9B1DC5 /* Check Pods Manifest.lock */,
				1A242D191C357C2700D5BEE5 /* Sources */,
				1A242D1A1C357C2700D5BEE5 /* Frameworks */,
				1A242D1B1C357C2700D5BEE5 /* Resources */,
				6E369E8326CA0A8F6DF17361 /* Embed Pods Frameworks */,
				B7A289837DBE155ED3068C1A /* Copy Pods Resources */,
			);
			buildRules = (
			);
			dependencies = (
			);
			name = GrandCentralBoard;
			productName = GrandCentralBoard;
			productReference = 1A242D1D1C357C2700D5BEE5 /* GrandCentralBoard.app */;
			productType = "com.apple.product-type.application";
		};
		1A242D2D1C357C2700D5BEE5 /* GrandCentralBoardTests */ = {
			isa = PBXNativeTarget;
			buildConfigurationList = 1A242D451C357C2700D5BEE5 /* Build configuration list for PBXNativeTarget "GrandCentralBoardTests" */;
			buildPhases = (
				1A242D2A1C357C2700D5BEE5 /* Sources */,
				1A242D2B1C357C2700D5BEE5 /* Frameworks */,
				1A242D2C1C357C2700D5BEE5 /* Resources */,
			);
			buildRules = (
			);
			dependencies = (
				1A242D301C357C2700D5BEE5 /* PBXTargetDependency */,
			);
			name = GrandCentralBoardTests;
			productName = GrandCentralBoardTests;
			productReference = 1A242D2E1C357C2700D5BEE5 /* GrandCentralBoardTests.xctest */;
			productType = "com.apple.product-type.bundle.unit-test";
		};
		1A242D381C357C2700D5BEE5 /* GrandCentralBoardUITests */ = {
			isa = PBXNativeTarget;
			buildConfigurationList = 1A242D481C357C2700D5BEE5 /* Build configuration list for PBXNativeTarget "GrandCentralBoardUITests" */;
			buildPhases = (
				1A242D351C357C2700D5BEE5 /* Sources */,
				1A242D361C357C2700D5BEE5 /* Frameworks */,
				1A242D371C357C2700D5BEE5 /* Resources */,
			);
			buildRules = (
			);
			dependencies = (
				1A242D3B1C357C2700D5BEE5 /* PBXTargetDependency */,
			);
			name = GrandCentralBoardUITests;
			productName = GrandCentralBoardUITests;
			productReference = 1A242D391C357C2700D5BEE5 /* GrandCentralBoardUITests.xctest */;
			productType = "com.apple.product-type.bundle.ui-testing";
		};
/* End PBXNativeTarget section */

/* Begin PBXProject section */
		1A242D151C357C2700D5BEE5 /* Project object */ = {
			isa = PBXProject;
			attributes = {
				LastSwiftUpdateCheck = 0720;
				LastUpgradeCheck = 0720;
				ORGANIZATIONNAME = "Oktawian Chojnacki";
				TargetAttributes = {
					1A242D1C1C357C2700D5BEE5 = {
						CreatedOnToolsVersion = 7.2;
					};
					1A242D2D1C357C2700D5BEE5 = {
						CreatedOnToolsVersion = 7.2;
						TestTargetID = 1A242D1C1C357C2700D5BEE5;
					};
					1A242D381C357C2700D5BEE5 = {
						CreatedOnToolsVersion = 7.2;
						TestTargetID = 1A242D1C1C357C2700D5BEE5;
					};
				};
			};
			buildConfigurationList = 1A242D181C357C2700D5BEE5 /* Build configuration list for PBXProject "GrandCentralBoard" */;
			compatibilityVersion = "Xcode 3.2";
			developmentRegion = English;
			hasScannedForEncodings = 0;
			knownRegions = (
				en,
				Base,
			);
			mainGroup = 1A242D141C357C2700D5BEE5;
			productRefGroup = 1A242D1E1C357C2700D5BEE5 /* Products */;
			projectDirPath = "";
			projectRoot = "";
			targets = (
				1A242D1C1C357C2700D5BEE5 /* GrandCentralBoard */,
				1A242D2D1C357C2700D5BEE5 /* GrandCentralBoardTests */,
				1A242D381C357C2700D5BEE5 /* GrandCentralBoardUITests */,
			);
		};
/* End PBXProject section */

/* Begin PBXResourcesBuildPhase section */
		1A242D1B1C357C2700D5BEE5 /* Resources */ = {
			isa = PBXResourcesBuildPhase;
			buildActionMask = 2147483647;
			files = (
				1AD5EA9D1C7B8FED00210BB9 /* Assets.xcassets in Resources */,
				1A242D261C357C2700D5BEE5 /* Main.storyboard in Resources */,
				1AD5EA961C7B819D00210BB9 /* ImageWidgetView.xib in Resources */,
				1AD5EA9B1C7B828200210BB9 /* WatchWidgetView.xib in Resources */,
			);
			runOnlyForDeploymentPostprocessing = 0;
		};
		1A242D2C1C357C2700D5BEE5 /* Resources */ = {
			isa = PBXResourcesBuildPhase;
			buildActionMask = 2147483647;
			files = (
			);
			runOnlyForDeploymentPostprocessing = 0;
		};
		1A242D371C357C2700D5BEE5 /* Resources */ = {
			isa = PBXResourcesBuildPhase;
			buildActionMask = 2147483647;
			files = (
			);
			runOnlyForDeploymentPostprocessing = 0;
		};
/* End PBXResourcesBuildPhase section */

/* Begin PBXShellScriptBuildPhase section */
		59E306AAC48E78193F9B1DC5 /* Check Pods Manifest.lock */ = {
			isa = PBXShellScriptBuildPhase;
			buildActionMask = 2147483647;
			files = (
			);
			inputPaths = (
			);
			name = "Check Pods Manifest.lock";
			outputPaths = (
			);
			runOnlyForDeploymentPostprocessing = 0;
			shellPath = /bin/sh;
			shellScript = "diff \"${PODS_ROOT}/../Podfile.lock\" \"${PODS_ROOT}/Manifest.lock\" > /dev/null\nif [[ $? != 0 ]] ; then\n    cat << EOM\nerror: The sandbox is not in sync with the Podfile.lock. Run 'pod install' or update your CocoaPods installation.\nEOM\n    exit 1\nfi\n";
			showEnvVarsInLog = 0;
		};
		6E369E8326CA0A8F6DF17361 /* Embed Pods Frameworks */ = {
			isa = PBXShellScriptBuildPhase;
			buildActionMask = 2147483647;
			files = (
			);
			inputPaths = (
			);
			name = "Embed Pods Frameworks";
			outputPaths = (
			);
			runOnlyForDeploymentPostprocessing = 0;
			shellPath = /bin/sh;
			shellScript = "\"${SRCROOT}/Pods/Target Support Files/Pods/Pods-frameworks.sh\"\n";
			showEnvVarsInLog = 0;
		};
		B7A289837DBE155ED3068C1A /* Copy Pods Resources */ = {
			isa = PBXShellScriptBuildPhase;
			buildActionMask = 2147483647;
			files = (
			);
			inputPaths = (
			);
			name = "Copy Pods Resources";
			outputPaths = (
			);
			runOnlyForDeploymentPostprocessing = 0;
			shellPath = /bin/sh;
			shellScript = "\"${SRCROOT}/Pods/Target Support Files/Pods/Pods-resources.sh\"\n";
			showEnvVarsInLog = 0;
		};
/* End PBXShellScriptBuildPhase section */

/* Begin PBXSourcesBuildPhase section */
		1A242D191C357C2700D5BEE5 /* Sources */ = {
			isa = PBXSourcesBuildPhase;
			buildActionMask = 2147483647;
			files = (
				1AD5EAAA1C7D2E3B00210BB9 /* WatchWidgetViewModel.swift in Sources */,
				1A242D231C357C2700D5BEE5 /* ViewController.swift in Sources */,
				1AD5EA991C7B827300210BB9 /* WatchWidgetView.swift in Sources */,
				1AD5EA9F1C7C6DE300210BB9 /* TimeSource.swift in Sources */,
				1A242D601C37F66000D5BEE5 /* AutoStack.swift in Sources */,
				1A5180141C3860010035092D /* UIView.swift in Sources */,
				1A242D4E1C357C7700D5BEE5 /* Timed.swift in Sources */,
				1A242D501C357CA500D5BEE5 /* Source.swift in Sources */,
				1AD5EAA21C7CFE4E00210BB9 /* UILabel.swift in Sources */,
				1AD5EAAC1C7DA9BB00210BB9 /* Scheduler.swift in Sources */,
				1AD5EAA41C7D125A00210BB9 /* WatchWidget.swift in Sources */,
				1A242D211C357C2700D5BEE5 /* AppDelegate.swift in Sources */,
				1A87495E1C385264006E58C6 /* RemoteImageSource.swift in Sources */,
				1A242D5B1C357E9E00D5BEE5 /* Rendering.swift in Sources */,
				1AD5EA951C7B819D00210BB9 /* ImageWidgetView.swift in Sources */,
				1AD5EAA81C7D291300210BB9 /* Widget.swift in Sources */,
			);
			runOnlyForDeploymentPostprocessing = 0;
		};
		1A242D2A1C357C2700D5BEE5 /* Sources */ = {
			isa = PBXSourcesBuildPhase;
			buildActionMask = 2147483647;
			files = (
				1A242D331C357C2700D5BEE5 /* GrandCentralBoardTests.swift in Sources */,
			);
			runOnlyForDeploymentPostprocessing = 0;
		};
		1A242D351C357C2700D5BEE5 /* Sources */ = {
			isa = PBXSourcesBuildPhase;
			buildActionMask = 2147483647;
			files = (
				1A242D3E1C357C2700D5BEE5 /* GrandCentralBoardUITests.swift in Sources */,
			);
			runOnlyForDeploymentPostprocessing = 0;
		};
/* End PBXSourcesBuildPhase section */

/* Begin PBXTargetDependency section */
		1A242D301C357C2700D5BEE5 /* PBXTargetDependency */ = {
			isa = PBXTargetDependency;
			target = 1A242D1C1C357C2700D5BEE5 /* GrandCentralBoard */;
			targetProxy = 1A242D2F1C357C2700D5BEE5 /* PBXContainerItemProxy */;
		};
		1A242D3B1C357C2700D5BEE5 /* PBXTargetDependency */ = {
			isa = PBXTargetDependency;
			target = 1A242D1C1C357C2700D5BEE5 /* GrandCentralBoard */;
			targetProxy = 1A242D3A1C357C2700D5BEE5 /* PBXContainerItemProxy */;
		};
/* End PBXTargetDependency section */

/* Begin PBXVariantGroup section */
		1A242D241C357C2700D5BEE5 /* Main.storyboard */ = {
			isa = PBXVariantGroup;
			children = (
				1A242D251C357C2700D5BEE5 /* Base */,
			);
			name = Main.storyboard;
			path = .;
			sourceTree = "<group>";
		};
/* End PBXVariantGroup section */

/* Begin XCBuildConfiguration section */
		1A242D401C357C2700D5BEE5 /* Debug */ = {
			isa = XCBuildConfiguration;
			buildSettings = {
				ALWAYS_SEARCH_USER_PATHS = NO;
				CLANG_CXX_LANGUAGE_STANDARD = "gnu++0x";
				CLANG_CXX_LIBRARY = "libc++";
				CLANG_ENABLE_MODULES = YES;
				CLANG_ENABLE_OBJC_ARC = YES;
				CLANG_WARN_BOOL_CONVERSION = YES;
				CLANG_WARN_CONSTANT_CONVERSION = YES;
				CLANG_WARN_DIRECT_OBJC_ISA_USAGE = YES_ERROR;
				CLANG_WARN_EMPTY_BODY = YES;
				CLANG_WARN_ENUM_CONVERSION = YES;
				CLANG_WARN_INT_CONVERSION = YES;
				CLANG_WARN_OBJC_ROOT_CLASS = YES_ERROR;
				CLANG_WARN_UNREACHABLE_CODE = YES;
				CLANG_WARN__DUPLICATE_METHOD_MATCH = YES;
				COPY_PHASE_STRIP = NO;
				DEBUG_INFORMATION_FORMAT = dwarf;
				ENABLE_STRICT_OBJC_MSGSEND = YES;
				ENABLE_TESTABILITY = YES;
				GCC_C_LANGUAGE_STANDARD = gnu99;
				GCC_DYNAMIC_NO_PIC = NO;
				GCC_NO_COMMON_BLOCKS = YES;
				GCC_OPTIMIZATION_LEVEL = 0;
				GCC_PREPROCESSOR_DEFINITIONS = (
					"DEBUG=1",
					"$(inherited)",
				);
				GCC_WARN_64_TO_32_BIT_CONVERSION = YES;
				GCC_WARN_ABOUT_RETURN_TYPE = YES_ERROR;
				GCC_WARN_UNDECLARED_SELECTOR = YES;
				GCC_WARN_UNINITIALIZED_AUTOS = YES_AGGRESSIVE;
				GCC_WARN_UNUSED_FUNCTION = YES;
				GCC_WARN_UNUSED_VARIABLE = YES;
				MTL_ENABLE_DEBUG_INFO = YES;
				ONLY_ACTIVE_ARCH = YES;
				SDKROOT = appletvos;
				SWIFT_OPTIMIZATION_LEVEL = "-Onone";
				TARGETED_DEVICE_FAMILY = 3;
				TVOS_DEPLOYMENT_TARGET = 9.1;
			};
			name = Debug;
		};
		1A242D411C357C2700D5BEE5 /* Release */ = {
			isa = XCBuildConfiguration;
			buildSettings = {
				ALWAYS_SEARCH_USER_PATHS = NO;
				CLANG_CXX_LANGUAGE_STANDARD = "gnu++0x";
				CLANG_CXX_LIBRARY = "libc++";
				CLANG_ENABLE_MODULES = YES;
				CLANG_ENABLE_OBJC_ARC = YES;
				CLANG_WARN_BOOL_CONVERSION = YES;
				CLANG_WARN_CONSTANT_CONVERSION = YES;
				CLANG_WARN_DIRECT_OBJC_ISA_USAGE = YES_ERROR;
				CLANG_WARN_EMPTY_BODY = YES;
				CLANG_WARN_ENUM_CONVERSION = YES;
				CLANG_WARN_INT_CONVERSION = YES;
				CLANG_WARN_OBJC_ROOT_CLASS = YES_ERROR;
				CLANG_WARN_UNREACHABLE_CODE = YES;
				CLANG_WARN__DUPLICATE_METHOD_MATCH = YES;
				COPY_PHASE_STRIP = NO;
				DEBUG_INFORMATION_FORMAT = "dwarf-with-dsym";
				ENABLE_NS_ASSERTIONS = NO;
				ENABLE_STRICT_OBJC_MSGSEND = YES;
				GCC_C_LANGUAGE_STANDARD = gnu99;
				GCC_NO_COMMON_BLOCKS = YES;
				GCC_WARN_64_TO_32_BIT_CONVERSION = YES;
				GCC_WARN_ABOUT_RETURN_TYPE = YES_ERROR;
				GCC_WARN_UNDECLARED_SELECTOR = YES;
				GCC_WARN_UNINITIALIZED_AUTOS = YES_AGGRESSIVE;
				GCC_WARN_UNUSED_FUNCTION = YES;
				GCC_WARN_UNUSED_VARIABLE = YES;
				MTL_ENABLE_DEBUG_INFO = NO;
				SDKROOT = appletvos;
				TARGETED_DEVICE_FAMILY = 3;
				TVOS_DEPLOYMENT_TARGET = 9.1;
				VALIDATE_PRODUCT = YES;
			};
			name = Release;
		};
		1A242D431C357C2700D5BEE5 /* Debug */ = {
			isa = XCBuildConfiguration;
			baseConfigurationReference = 13473B743D0BD7A5BBEF96CE /* Pods.debug.xcconfig */;
			buildSettings = {
				ASSETCATALOG_COMPILER_APPICON_NAME = "App Icon & Top Shelf Image";
				ASSETCATALOG_COMPILER_LAUNCHIMAGE_NAME = LaunchImage;
				FRAMEWORK_SEARCH_PATHS = "$(inherited)";
				INFOPLIST_FILE = GrandCentralBoard/Info.plist;
				LD_RUNPATH_SEARCH_PATHS = "$(inherited) @executable_path/Frameworks";
				PRODUCT_BUNDLE_IDENTIFIER = Macoscope.GrandCentralBoard;
				PRODUCT_NAME = "$(TARGET_NAME)";
			};
			name = Debug;
		};
		1A242D441C357C2700D5BEE5 /* Release */ = {
			isa = XCBuildConfiguration;
			baseConfigurationReference = CCBE0DF3DE1155B6EF1F75FF /* Pods.release.xcconfig */;
			buildSettings = {
				ASSETCATALOG_COMPILER_APPICON_NAME = "App Icon & Top Shelf Image";
				ASSETCATALOG_COMPILER_LAUNCHIMAGE_NAME = LaunchImage;
				FRAMEWORK_SEARCH_PATHS = "$(inherited)";
				INFOPLIST_FILE = GrandCentralBoard/Info.plist;
				LD_RUNPATH_SEARCH_PATHS = "$(inherited) @executable_path/Frameworks";
				PRODUCT_BUNDLE_IDENTIFIER = Macoscope.GrandCentralBoard;
				PRODUCT_NAME = "$(TARGET_NAME)";
			};
			name = Release;
		};
		1A242D461C357C2700D5BEE5 /* Debug */ = {
			isa = XCBuildConfiguration;
			buildSettings = {
				BUNDLE_LOADER = "$(TEST_HOST)";
				INFOPLIST_FILE = GrandCentralBoardTests/Info.plist;
				LD_RUNPATH_SEARCH_PATHS = "$(inherited) @executable_path/Frameworks @loader_path/Frameworks";
				PRODUCT_BUNDLE_IDENTIFIER = Macoscope.GrandCentralBoardTests;
				PRODUCT_NAME = "$(TARGET_NAME)";
				TEST_HOST = "$(BUILT_PRODUCTS_DIR)/GrandCentralBoard.app/GrandCentralBoard";
			};
			name = Debug;
		};
		1A242D471C357C2700D5BEE5 /* Release */ = {
			isa = XCBuildConfiguration;
			buildSettings = {
				BUNDLE_LOADER = "$(TEST_HOST)";
				INFOPLIST_FILE = GrandCentralBoardTests/Info.plist;
				LD_RUNPATH_SEARCH_PATHS = "$(inherited) @executable_path/Frameworks @loader_path/Frameworks";
				PRODUCT_BUNDLE_IDENTIFIER = Macoscope.GrandCentralBoardTests;
				PRODUCT_NAME = "$(TARGET_NAME)";
				TEST_HOST = "$(BUILT_PRODUCTS_DIR)/GrandCentralBoard.app/GrandCentralBoard";
			};
			name = Release;
		};
		1A242D491C357C2700D5BEE5 /* Debug */ = {
			isa = XCBuildConfiguration;
			buildSettings = {
				INFOPLIST_FILE = GrandCentralBoardUITests/Info.plist;
				LD_RUNPATH_SEARCH_PATHS = "$(inherited) @executable_path/Frameworks @loader_path/Frameworks";
				PRODUCT_BUNDLE_IDENTIFIER = Macoscope.GrandCentralBoardUITests;
				PRODUCT_NAME = "$(TARGET_NAME)";
				TEST_TARGET_NAME = GrandCentralBoard;
				USES_XCTRUNNER = YES;
			};
			name = Debug;
		};
		1A242D4A1C357C2700D5BEE5 /* Release */ = {
			isa = XCBuildConfiguration;
			buildSettings = {
				INFOPLIST_FILE = GrandCentralBoardUITests/Info.plist;
				LD_RUNPATH_SEARCH_PATHS = "$(inherited) @executable_path/Frameworks @loader_path/Frameworks";
				PRODUCT_BUNDLE_IDENTIFIER = Macoscope.GrandCentralBoardUITests;
				PRODUCT_NAME = "$(TARGET_NAME)";
				TEST_TARGET_NAME = GrandCentralBoard;
				USES_XCTRUNNER = YES;
			};
			name = Release;
		};
/* End XCBuildConfiguration section */

/* Begin XCConfigurationList section */
		1A242D181C357C2700D5BEE5 /* Build configuration list for PBXProject "GrandCentralBoard" */ = {
			isa = XCConfigurationList;
			buildConfigurations = (
				1A242D401C357C2700D5BEE5 /* Debug */,
				1A242D411C357C2700D5BEE5 /* Release */,
			);
			defaultConfigurationIsVisible = 0;
			defaultConfigurationName = Release;
		};
		1A242D421C357C2700D5BEE5 /* Build configuration list for PBXNativeTarget "GrandCentralBoard" */ = {
			isa = XCConfigurationList;
			buildConfigurations = (
				1A242D431C357C2700D5BEE5 /* Debug */,
				1A242D441C357C2700D5BEE5 /* Release */,
			);
			defaultConfigurationIsVisible = 0;
			defaultConfigurationName = Release;
		};
		1A242D451C357C2700D5BEE5 /* Build configuration list for PBXNativeTarget "GrandCentralBoardTests" */ = {
			isa = XCConfigurationList;
			buildConfigurations = (
				1A242D461C357C2700D5BEE5 /* Debug */,
				1A242D471C357C2700D5BEE5 /* Release */,
			);
			defaultConfigurationIsVisible = 0;
			defaultConfigurationName = Release;
		};
		1A242D481C357C2700D5BEE5 /* Build configuration list for PBXNativeTarget "GrandCentralBoardUITests" */ = {
			isa = XCConfigurationList;
			buildConfigurations = (
				1A242D491C357C2700D5BEE5 /* Debug */,
				1A242D4A1C357C2700D5BEE5 /* Release */,
			);
			defaultConfigurationIsVisible = 0;
			defaultConfigurationName = Release;
		};
/* End XCConfigurationList section */
	};
	rootObject = 1A242D151C357C2700D5BEE5 /* Project object */;
}
